
Microsoft Visual Studio Solution File, Format Version 12.00
# Visual Studio Version 16
VisualStudioVersion = 16.0.29926.136
MinimumVisualStudioVersion = 10.0.40219.1
Project("{9A19103F-16F7-4668-BE54-9A1E7A4F7556}") = "Lesson2_task1", "Lesson2\Lesson2_task1.csproj", "{67D5CFCA-0DF4-4EF7-B9B9-ADF197E119D7}"
EndProject
Project("{9A19103F-16F7-4668-BE54-9A1E7A4F7556}") = "Lesson4_task3", "Lesson4_task3\Lesson4_task3.csproj", "{E2220F7E-C2C1-497D-BA77-C23EEB85F543}"
EndProject
Project("{9A19103F-16F7-4668-BE54-9A1E7A4F7556}") = "Lesson4_task2", "Lesson4_task2\Lesson4_task2.csproj", "{AA5A4C2B-0C4D-4DA6-9BE4-AD3E551D706B}"
EndProject
Project("{9A19103F-16F7-4668-BE54-9A1E7A4F7556}") = "Lesson5_1", "Lesson5_1\Lesson5_1.csproj", "{D5531083-E678-4AF1-B230-1559AB7152BA}"
EndProject
Project("{2150E333-8FDC-42A3-9474-1A3956D46DE8}") = "Lesson3", "Lesson3", "{1766B581-0402-4868-8AC8-17F5D9EF4F22}"
EndProject
Project("{9A19103F-16F7-4668-BE54-9A1E7A4F7556}") = "Lesson3_task1", "Lesson3_task1\Lesson3_task1.csproj", "{C88B2F42-8811-4633-B99C-AA4480CDADEA}"
EndProject
Project("{9A19103F-16F7-4668-BE54-9A1E7A4F7556}") = "Lesson3_task2", "Lesson3_task2\Lesson3_task2.csproj", "{28F82131-2ABB-47CB-BAE0-BBFF4FC78B67}"
EndProject
Project("{9A19103F-16F7-4668-BE54-9A1E7A4F7556}") = "Lesson3_task3", "Lesson3_task3\Lesson3_task3.csproj", "{84594C2B-75D7-481B-962B-48E855A3C409}"
EndProject
Project("{2150E333-8FDC-42A3-9474-1A3956D46DE8}") = "Lesson4", "Lesson4", "{81F4FB6E-B858-4297-8A9C-22382776F247}"
EndProject
Project("{2150E333-8FDC-42A3-9474-1A3956D46DE8}") = "Lesson5", "Lesson5", "{6C905117-AC72-400D-9057-F9889FD0FCAC}"
EndProject
Project("{2150E333-8FDC-42A3-9474-1A3956D46DE8}") = "Lesson2", "Lesson2", "{B59354B5-AD63-47F3-8709-F5C94326981D}"
EndProject
Project("{FAE04EC0-301F-11D3-BF4B-00C04F79EFBC}") = "Lesson3_task4", "Lesson3_task4\Lesson3_task4.csproj", "{1EFF6616-C2DF-45B9-8B92-98C1B1F6A68D}"
EndProject
Global
	GlobalSection(SolutionConfigurationPlatforms) = preSolution
		Debug|Any CPU = Debug|Any CPU
		Release|Any CPU = Release|Any CPU
	EndGlobalSection
	GlobalSection(ProjectConfigurationPlatforms) = postSolution
		{67D5CFCA-0DF4-4EF7-B9B9-ADF197E119D7}.Debug|Any CPU.ActiveCfg = Debug|Any CPU
		{67D5CFCA-0DF4-4EF7-B9B9-ADF197E119D7}.Debug|Any CPU.Build.0 = Debug|Any CPU
		{67D5CFCA-0DF4-4EF7-B9B9-ADF197E119D7}.Release|Any CPU.ActiveCfg = Release|Any CPU
		{67D5CFCA-0DF4-4EF7-B9B9-ADF197E119D7}.Release|Any CPU.Build.0 = Release|Any CPU
		{E2220F7E-C2C1-497D-BA77-C23EEB85F543}.Debug|Any CPU.ActiveCfg = Debug|Any CPU
		{E2220F7E-C2C1-497D-BA77-C23EEB85F543}.Debug|Any CPU.Build.0 = Debug|Any CPU
		{E2220F7E-C2C1-497D-BA77-C23EEB85F543}.Release|Any CPU.ActiveCfg = Release|Any CPU
		{E2220F7E-C2C1-497D-BA77-C23EEB85F543}.Release|Any CPU.Build.0 = Release|Any CPU
		{AA5A4C2B-0C4D-4DA6-9BE4-AD3E551D706B}.Debug|Any CPU.ActiveCfg = Debug|Any CPU
		{AA5A4C2B-0C4D-4DA6-9BE4-AD3E551D706B}.Debug|Any CPU.Build.0 = Debug|Any CPU
		{AA5A4C2B-0C4D-4DA6-9BE4-AD3E551D706B}.Release|Any CPU.ActiveCfg = Release|Any CPU
		{AA5A4C2B-0C4D-4DA6-9BE4-AD3E551D706B}.Release|Any CPU.Build.0 = Release|Any CPU
		{D5531083-E678-4AF1-B230-1559AB7152BA}.Debug|Any CPU.ActiveCfg = Debug|Any CPU
		{D5531083-E678-4AF1-B230-1559AB7152BA}.Debug|Any CPU.Build.0 = Debug|Any CPU
		{D5531083-E678-4AF1-B230-1559AB7152BA}.Release|Any CPU.ActiveCfg = Release|Any CPU
		{D5531083-E678-4AF1-B230-1559AB7152BA}.Release|Any CPU.Build.0 = Release|Any CPU
		{C88B2F42-8811-4633-B99C-AA4480CDADEA}.Debug|Any CPU.ActiveCfg = Debug|Any CPU
		{C88B2F42-8811-4633-B99C-AA4480CDADEA}.Debug|Any CPU.Build.0 = Debug|Any CPU
		{C88B2F42-8811-4633-B99C-AA4480CDADEA}.Release|Any CPU.ActiveCfg = Release|Any CPU
		{C88B2F42-8811-4633-B99C-AA4480CDADEA}.Release|Any CPU.Build.0 = Release|Any CPU
		{28F82131-2ABB-47CB-BAE0-BBFF4FC78B67}.Debug|Any CPU.ActiveCfg = Debug|Any CPU
		{28F82131-2ABB-47CB-BAE0-BBFF4FC78B67}.Debug|Any CPU.Build.0 = Debug|Any CPU
		{28F82131-2ABB-47CB-BAE0-BBFF4FC78B67}.Release|Any CPU.ActiveCfg = Release|Any CPU
		{28F82131-2ABB-47CB-BAE0-BBFF4FC78B67}.Release|Any CPU.Build.0 = Release|Any CPU
		{84594C2B-75D7-481B-962B-48E855A3C409}.Debug|Any CPU.ActiveCfg = Debug|Any CPU
		{84594C2B-75D7-481B-962B-48E855A3C409}.Debug|Any CPU.Build.0 = Debug|Any CPU
		{84594C2B-75D7-481B-962B-48E855A3C409}.Release|Any CPU.ActiveCfg = Release|Any CPU
		{84594C2B-75D7-481B-962B-48E855A3C409}.Release|Any CPU.Build.0 = Release|Any CPU
		{1EFF6616-C2DF-45B9-8B92-98C1B1F6A68D}.Debug|Any CPU.ActiveCfg = Debug|Any CPU
		{1EFF6616-C2DF-45B9-8B92-98C1B1F6A68D}.Debug|Any CPU.Build.0 = Debug|Any CPU
		{1EFF6616-C2DF-45B9-8B92-98C1B1F6A68D}.Release|Any CPU.ActiveCfg = Release|Any CPU
		{1EFF6616-C2DF-45B9-8B92-98C1B1F6A68D}.Release|Any CPU.Build.0 = Release|Any CPU
	EndGlobalSection
	GlobalSection(SolutionProperties) = preSolution
		HideSolutionNode = FALSE
	EndGlobalSection
	GlobalSection(NestedProjects) = preSolution
		{67D5CFCA-0DF4-4EF7-B9B9-ADF197E119D7} = {B59354B5-AD63-47F3-8709-F5C94326981D}
		{E2220F7E-C2C1-497D-BA77-C23EEB85F543} = {81F4FB6E-B858-4297-8A9C-22382776F247}
		{AA5A4C2B-0C4D-4DA6-9BE4-AD3E551D706B} = {81F4FB6E-B858-4297-8A9C-22382776F247}
		{D5531083-E678-4AF1-B230-1559AB7152BA} = {6C905117-AC72-400D-9057-F9889FD0FCAC}
		{C88B2F42-8811-4633-B99C-AA4480CDADEA} = {1766B581-0402-4868-8AC8-17F5D9EF4F22}
		{28F82131-2ABB-47CB-BAE0-BBFF4FC78B67} = {1766B581-0402-4868-8AC8-17F5D9EF4F22}
		{84594C2B-75D7-481B-962B-48E855A3C409} = {1766B581-0402-4868-8AC8-17F5D9EF4F22}
		{1EFF6616-C2DF-45B9-8B92-98C1B1F6A68D} = {1766B581-0402-4868-8AC8-17F5D9EF4F22}
	EndGlobalSection
	GlobalSection(ExtensibilityGlobals) = postSolution
		SolutionGuid = {DE7122C6-8E85-4264-BE4A-7A61B3D3B8D2}
	EndGlobalSection
EndGlobal
